
Microsoft Visual Studio Solution File, Format Version 12.00
# Visual Studio Version 16
VisualStudioVersion = 16.0.29806.167
MinimumVisualStudioVersion = 10.0.40219.1
Project("{2150E333-8FDC-42A3-9474-1A3956D46DE8}") = "Decompiler", "Decompiler", "{BA3E9C54-C13F-491A-BB0A-56BA256C0000}"
EndProject
Project("{2150E333-8FDC-42A3-9474-1A3956D46DE8}") = "Cecil", "Cecil", "{EAE3F1A6-069F-4FE1-B296-9CAF30B21D5D}"
EndProject
Project("{2150E333-8FDC-42A3-9474-1A3956D46DE8}") = "Tools", "Tools", "{8542719A-6735-4D4C-BCB6-E1DADD1500CA}"
EndProject
Project("{FAE04EC0-301F-11D3-BF4B-00C04F79EFBC}") = "Mono.Cecil", "Mono.Cecil\Mono.Cecil.csproj", "{D68133BD-1E63-496E-9EDE-4FBDBF77B486}"
EndProject
Project("{FAE04EC0-301F-11D3-BF4B-00C04F79EFBC}") = "Mono.Cecil.Mdb", "Mono.Cecil\symbols\mdb\Mono.Cecil.Mdb.csproj", "{8559DD7F-A16F-46D0-A05A-9139FAEBA8FD}"
EndProject
Project("{FAE04EC0-301F-11D3-BF4B-00C04F79EFBC}") = "Mono.Cecil.Pdb", "Mono.Cecil\symbols\pdb\Mono.Cecil.Pdb.csproj", "{63E6915C-7EA4-4D76-AB28-0D7191EEA626}"
EndProject
Project("{FAE04EC0-301F-11D3-BF4B-00C04F79EFBC}") = "JustDecompiler", "Cecil.Decompiler\JustDecompiler.csproj", "{ED1BE103-1699-4116-A732-616BEB142EB2}"
EndProject
Project("{FAE04EC0-301F-11D3-BF4B-00C04F79EFBC}") = "JustDecompile.EngineInfrastructure", "EngineInfrastructure\JustDecompile.EngineInfrastructure.csproj", "{246289A4-53FD-4BB3-923A-08B1D3D905AA}"
EndProject
Project("{FAE04EC0-301F-11D3-BF4B-00C04F79EFBC}") = "JustDecompileCmd", "JustDecompileCmdShell\JustDecompileCmd.csproj", "{E6B1469D-911C-4AFC-A0F8-1ED00886910B}"
EndProject
Project("{FAE04EC0-301F-11D3-BF4B-00C04F79EFBC}") = "Tools.MSBuildProjectBuilder", "MSBuildProjectCreator\Tools.MSBuildProjectBuilder.csproj", "{F7BBB403-7142-4F8D-8E65-5ABA94502D3D}"
EndProject
Project("{FAE04EC0-301F-11D3-BF4B-00C04F79EFBC}") = "ConsoleRunner", "ConsoleRunner\ConsoleRunner.csproj", "{BBE3B8C5-69CF-4598-AAB2-8EEC3D2842FC}"
EndProject
Project("{FAE04EC0-301F-11D3-BF4B-00C04F79EFBC}") = "SystemInformationHelpers", "SystemInformationHelpers\SystemInformationHelpers.csproj", "{CED63F54-9464-4CC0-9F3F-D42014C85AC6}"
EndProject
Project("{FAE04EC0-301F-11D3-BF4B-00C04F79EFBC}") = "JustDecompile.EngineInfrastructure.NetStandard", "JustDecompile.EngineInfrastructure.NetStandard\JustDecompile.EngineInfrastructure.NetStandard.csproj", "{D5409B23-4A84-4999-AA11-898F46F30954}"
EndProject
Project("{D954291E-2A0B-460D-934E-DC6B0785DB48}") = "JustDecompile.EngineInfrastructure.Shared", "JustDecompile.EngineInfrastructure.Shared\JustDecompile.EngineInfrastructure.Shared.shproj", "{25402FC2-9163-41A8-B9F4-0F8E4F44AB27}"
EndProject
Project("{FAE04EC0-301F-11D3-BF4B-00C04F79EFBC}") = "Mono.Cecil.Pdb.NetStandard", "Mono.Cecil.Pdb.NetStandard\Mono.Cecil.Pdb.NetStandard.csproj", "{14094C83-0BB3-4FC1-9C4D-2BABD8702EC9}"
EndProject
Project("{D954291E-2A0B-460D-934E-DC6B0785DB48}") = "Mono.Cecil.Pdb.Shared", "Mono.Cecil.Pdb.Shared\Mono.Cecil.Pdb.Shared.shproj", "{4D460B44-5552-4FB6-AC35-725E4D1BD9F8}"
EndProject
Project("{FAE04EC0-301F-11D3-BF4B-00C04F79EFBC}") = "Mono.Cecil.NetStandard", "Mono.Cecil.NetStandard\Mono.Cecil.NetStandard.csproj", "{75C8D888-EB42-401E-9CD4-6303FBE4194C}"
EndProject
Project("{D954291E-2A0B-460D-934E-DC6B0785DB48}") = "Mono.Cecil.Shared", "Mono.Cecil.Shared\Mono.Cecil.Shared.shproj", "{345F3323-AD79-4C98-AED6-CC04554B788F}"
EndProject
Project("{FAE04EC0-301F-11D3-BF4B-00C04F79EFBC}") = "Mono.Cecil.Mdb.NetStandard", "Mono.Cecil.Mdb.NetStandard\Mono.Cecil.Mdb.NetStandard.csproj", "{4A6A17F7-845C-4120-8A13-D7FADE67722D}"
EndProject
Project("{D954291E-2A0B-460D-934E-DC6B0785DB48}") = "Mono.Cecil.Mdb.Shared", "Mono.Cecil.Mdb.Shared\Mono.Cecil.Mdb.Shared.shproj", "{4F6E327D-4D0A-485C-9EDA-67C52D593AA2}"
EndProject
Global
	GlobalSection(SharedMSBuildProjectFiles) = preSolution
		JustDecompile.EngineInfrastructure.Shared\JustDecompile.EngineInfrastructure.Shared.projitems*{246289a4-53fd-4bb3-923a-08b1d3d905aa}*SharedItemsImports = 4
		JustDecompile.EngineInfrastructure.Shared\JustDecompile.EngineInfrastructure.Shared.projitems*{25402fc2-9163-41a8-b9f4-0f8e4f44ab27}*SharedItemsImports = 13
		Mono.Cecil.Shared\Mono.Cecil.Shared.projitems*{345f3323-ad79-4c98-aed6-cc04554b788f}*SharedItemsImports = 13
		Mono.Cecil.Pdb.Shared\Mono.Cecil.Pdb.Shared.projitems*{4d460b44-5552-4fb6-ac35-725e4d1bd9f8}*SharedItemsImports = 13
		Mono.Cecil.Mdb.Shared\Mono.Cecil.Mdb.Shared.projitems*{4f6e327d-4d0a-485c-9eda-67c52d593aa2}*SharedItemsImports = 13
		Mono.Cecil.Pdb.Shared\Mono.Cecil.Pdb.Shared.projitems*{63e6915c-7ea4-4d76-ab28-0d7191eea626}*SharedItemsImports = 4
		Mono.Cecil.Mdb.Shared\Mono.Cecil.Mdb.Shared.projitems*{8559dd7f-a16f-46d0-a05a-9139faeba8fd}*SharedItemsImports = 4
		Mono.Cecil.Shared\Mono.Cecil.Shared.projitems*{d68133bd-1e63-496e-9ede-4fbdbf77b486}*SharedItemsImports = 4
	EndGlobalSection
	GlobalSection(SolutionConfigurationPlatforms) = preSolution
		Debug|Any CPU = Debug|Any CPU
		Debug|x86 = Debug|x86
		Release|Any CPU = Release|Any CPU
		Release|x86 = Release|x86
	EndGlobalSection
	GlobalSection(ProjectConfigurationPlatforms) = postSolution
		{D68133BD-1E63-496E-9EDE-4FBDBF77B486}.Debug|Any CPU.ActiveCfg = Debug EngineOnly|Any CPU
		{D68133BD-1E63-496E-9EDE-4FBDBF77B486}.Debug|Any CPU.Build.0 = Debug EngineOnly|Any CPU
		{D68133BD-1E63-496E-9EDE-4FBDBF77B486}.Debug|x86.ActiveCfg = Debug EngineOnly|Any CPU
		{D68133BD-1E63-496E-9EDE-4FBDBF77B486}.Debug|x86.Build.0 = Debug EngineOnly|Any CPU
		{D68133BD-1E63-496E-9EDE-4FBDBF77B486}.Release|Any CPU.ActiveCfg = Release EngineOnly|Any CPU
		{D68133BD-1E63-496E-9EDE-4FBDBF77B486}.Release|Any CPU.Build.0 = Release EngineOnly|Any CPU
		{D68133BD-1E63-496E-9EDE-4FBDBF77B486}.Release|x86.ActiveCfg = Release EngineOnly|Any CPU
		{D68133BD-1E63-496E-9EDE-4FBDBF77B486}.Release|x86.Build.0 = Release EngineOnly|Any CPU
		{8559DD7F-A16F-46D0-A05A-9139FAEBA8FD}.Debug|Any CPU.ActiveCfg = Debug EngineOnly|Any CPU
		{8559DD7F-A16F-46D0-A05A-9139FAEBA8FD}.Debug|Any CPU.Build.0 = Debug EngineOnly|Any CPU
		{8559DD7F-A16F-46D0-A05A-9139FAEBA8FD}.Debug|x86.ActiveCfg = Debug EngineOnly|Any CPU
		{8559DD7F-A16F-46D0-A05A-9139FAEBA8FD}.Debug|x86.Build.0 = Debug EngineOnly|Any CPU
		{8559DD7F-A16F-46D0-A05A-9139FAEBA8FD}.Release|Any CPU.ActiveCfg = Release EngineOnly|Any CPU
		{8559DD7F-A16F-46D0-A05A-9139FAEBA8FD}.Release|Any CPU.Build.0 = Release EngineOnly|Any CPU
		{8559DD7F-A16F-46D0-A05A-9139FAEBA8FD}.Release|x86.ActiveCfg = Release EngineOnly|Any CPU
		{8559DD7F-A16F-46D0-A05A-9139FAEBA8FD}.Release|x86.Build.0 = Release EngineOnly|Any CPU
		{63E6915C-7EA4-4D76-AB28-0D7191EEA626}.Debug|Any CPU.ActiveCfg = Debug EngineOnly|Any CPU
		{63E6915C-7EA4-4D76-AB28-0D7191EEA626}.Debug|Any CPU.Build.0 = Debug EngineOnly|Any CPU
		{63E6915C-7EA4-4D76-AB28-0D7191EEA626}.Debug|x86.ActiveCfg = Debug EngineOnly|Any CPU
		{63E6915C-7EA4-4D76-AB28-0D7191EEA626}.Debug|x86.Build.0 = Debug EngineOnly|Any CPU
		{63E6915C-7EA4-4D76-AB28-0D7191EEA626}.Release|Any CPU.ActiveCfg = Release EngineOnly|Any CPU
		{63E6915C-7EA4-4D76-AB28-0D7191EEA626}.Release|Any CPU.Build.0 = Release EngineOnly|Any CPU
		{63E6915C-7EA4-4D76-AB28-0D7191EEA626}.Release|x86.ActiveCfg = Release EngineOnly|Any CPU
		{63E6915C-7EA4-4D76-AB28-0D7191EEA626}.Release|x86.Build.0 = Release EngineOnly|Any CPU
		{ED1BE103-1699-4116-A732-616BEB142EB2}.Debug|Any CPU.ActiveCfg = Debug EngineOnly|Any CPU
		{ED1BE103-1699-4116-A732-616BEB142EB2}.Debug|Any CPU.Build.0 = Debug EngineOnly|Any CPU
		{ED1BE103-1699-4116-A732-616BEB142EB2}.Debug|x86.ActiveCfg = Debug EngineOnly|Any CPU
		{ED1BE103-1699-4116-A732-616BEB142EB2}.Debug|x86.Build.0 = Debug EngineOnly|Any CPU
		{ED1BE103-1699-4116-A732-616BEB142EB2}.Release|Any CPU.ActiveCfg = Release EngineOnly|Any CPU
		{ED1BE103-1699-4116-A732-616BEB142EB2}.Release|Any CPU.Build.0 = Release EngineOnly|Any CPU
		{ED1BE103-1699-4116-A732-616BEB142EB2}.Release|x86.ActiveCfg = Release EngineOnly|Any CPU
		{ED1BE103-1699-4116-A732-616BEB142EB2}.Release|x86.Build.0 = Release EngineOnly|Any CPU
		{246289A4-53FD-4BB3-923A-08B1D3D905AA}.Debug|Any CPU.ActiveCfg = Debug EngineOnly|Any CPU
		{246289A4-53FD-4BB3-923A-08B1D3D905AA}.Debug|Any CPU.Build.0 = Debug EngineOnly|Any CPU
		{246289A4-53FD-4BB3-923A-08B1D3D905AA}.Debug|x86.ActiveCfg = Debug EngineOnly|Any CPU
		{246289A4-53FD-4BB3-923A-08B1D3D905AA}.Debug|x86.Build.0 = Debug EngineOnly|Any CPU
		{246289A4-53FD-4BB3-923A-08B1D3D905AA}.Release|Any CPU.ActiveCfg = Release EngineOnly|Any CPU
		{246289A4-53FD-4BB3-923A-08B1D3D905AA}.Release|Any CPU.Build.0 = Release EngineOnly|Any CPU
		{246289A4-53FD-4BB3-923A-08B1D3D905AA}.Release|x86.ActiveCfg = Release EngineOnly|Any CPU
		{246289A4-53FD-4BB3-923A-08B1D3D905AA}.Release|x86.Build.0 = Release EngineOnly|Any CPU
		{E6B1469D-911C-4AFC-A0F8-1ED00886910B}.Debug|Any CPU.ActiveCfg = Debug EngineOnly|Any CPU
		{E6B1469D-911C-4AFC-A0F8-1ED00886910B}.Debug|Any CPU.Build.0 = Debug EngineOnly|Any CPU
		{E6B1469D-911C-4AFC-A0F8-1ED00886910B}.Debug|x86.ActiveCfg = Debug EngineOnly|x86
		{E6B1469D-911C-4AFC-A0F8-1ED00886910B}.Debug|x86.Build.0 = Debug EngineOnly|x86
		{E6B1469D-911C-4AFC-A0F8-1ED00886910B}.Release|Any CPU.ActiveCfg = Release EngineOnly|Any CPU
		{E6B1469D-911C-4AFC-A0F8-1ED00886910B}.Release|Any CPU.Build.0 = Release EngineOnly|Any CPU
		{E6B1469D-911C-4AFC-A0F8-1ED00886910B}.Release|x86.ActiveCfg = Release EngineOnly|x86
		{E6B1469D-911C-4AFC-A0F8-1ED00886910B}.Release|x86.Build.0 = Release EngineOnly|x86
		{F7BBB403-7142-4F8D-8E65-5ABA94502D3D}.Debug|Any CPU.ActiveCfg = Debug EngineOnly|Any CPU
		{F7BBB403-7142-4F8D-8E65-5ABA94502D3D}.Debug|Any CPU.Build.0 = Debug EngineOnly|Any CPU
		{F7BBB403-7142-4F8D-8E65-5ABA94502D3D}.Debug|x86.ActiveCfg = Debug EngineOnly|Any CPU
		{F7BBB403-7142-4F8D-8E65-5ABA94502D3D}.Debug|x86.Build.0 = Debug EngineOnly|Any CPU
		{F7BBB403-7142-4F8D-8E65-5ABA94502D3D}.Release|Any CPU.ActiveCfg = Release EngineOnly|Any CPU
		{F7BBB403-7142-4F8D-8E65-5ABA94502D3D}.Release|Any CPU.Build.0 = Release EngineOnly|Any CPU
		{F7BBB403-7142-4F8D-8E65-5ABA94502D3D}.Release|x86.ActiveCfg = Release EngineOnly|Any CPU
		{F7BBB403-7142-4F8D-8E65-5ABA94502D3D}.Release|x86.Build.0 = Release EngineOnly|Any CPU
		{BBE3B8C5-69CF-4598-AAB2-8EEC3D2842FC}.Debug|Any CPU.ActiveCfg = Debug|Any CPU
		{BBE3B8C5-69CF-4598-AAB2-8EEC3D2842FC}.Debug|Any CPU.Build.0 = Debug|Any CPU
		{BBE3B8C5-69CF-4598-AAB2-8EEC3D2842FC}.Debug|x86.ActiveCfg = Debug|Any CPU
		{BBE3B8C5-69CF-4598-AAB2-8EEC3D2842FC}.Debug|x86.Build.0 = Debug|Any CPU
		{BBE3B8C5-69CF-4598-AAB2-8EEC3D2842FC}.Release|Any CPU.ActiveCfg = Release|Any CPU
		{BBE3B8C5-69CF-4598-AAB2-8EEC3D2842FC}.Release|Any CPU.Build.0 = Release|Any CPU
		{BBE3B8C5-69CF-4598-AAB2-8EEC3D2842FC}.Release|x86.ActiveCfg = Release|Any CPU
		{BBE3B8C5-69CF-4598-AAB2-8EEC3D2842FC}.Release|x86.Build.0 = Release|Any CPU
		{CED63F54-9464-4CC0-9F3F-D42014C85AC6}.Debug|Any CPU.ActiveCfg = Debug EngineOnly|Any CPU
		{CED63F54-9464-4CC0-9F3F-D42014C85AC6}.Debug|Any CPU.Build.0 = Debug EngineOnly|Any CPU
		{CED63F54-9464-4CC0-9F3F-D42014C85AC6}.Debug|x86.ActiveCfg = Debug EngineOnly|Any CPU
		{CED63F54-9464-4CC0-9F3F-D42014C85AC6}.Debug|x86.Build.0 = Debug EngineOnly|Any CPU
		{CED63F54-9464-4CC0-9F3F-D42014C85AC6}.Release|Any CPU.ActiveCfg = Release EngineOnly|Any CPU
		{CED63F54-9464-4CC0-9F3F-D42014C85AC6}.Release|Any CPU.Build.0 = Release EngineOnly|Any CPU
		{CED63F54-9464-4CC0-9F3F-D42014C85AC6}.Release|x86.ActiveCfg = Release EngineOnly|Any CPU
		{CED63F54-9464-4CC0-9F3F-D42014C85AC6}.Release|x86.Build.0 = Release EngineOnly|Any CPU
		{D5409B23-4A84-4999-AA11-898F46F30954}.Debug|Any CPU.ActiveCfg = Debug|Any CPU
		{D5409B23-4A84-4999-AA11-898F46F30954}.Debug|Any CPU.Build.0 = Debug|Any CPU
		{D5409B23-4A84-4999-AA11-898F46F30954}.Debug|x86.ActiveCfg = Debug|Any CPU
		{D5409B23-4A84-4999-AA11-898F46F30954}.Debug|x86.Build.0 = Debug|Any CPU
		{D5409B23-4A84-4999-AA11-898F46F30954}.Release|Any CPU.ActiveCfg = Release|Any CPU
		{D5409B23-4A84-4999-AA11-898F46F30954}.Release|Any CPU.Build.0 = Release|Any CPU
		{D5409B23-4A84-4999-AA11-898F46F30954}.Release|x86.ActiveCfg = Release|Any CPU
		{D5409B23-4A84-4999-AA11-898F46F30954}.Release|x86.Build.0 = Release|Any CPU
		{14094C83-0BB3-4FC1-9C4D-2BABD8702EC9}.Debug|Any CPU.ActiveCfg = Debug|Any CPU
		{14094C83-0BB3-4FC1-9C4D-2BABD8702EC9}.Debug|Any CPU.Build.0 = Debug|Any CPU
		{14094C83-0BB3-4FC1-9C4D-2BABD8702EC9}.Debug|x86.ActiveCfg = Debug|Any CPU
		{14094C83-0BB3-4FC1-9C4D-2BABD8702EC9}.Debug|x86.Build.0 = Debug|Any CPU
		{14094C83-0BB3-4FC1-9C4D-2BABD8702EC9}.Release|Any CPU.ActiveCfg = Release|Any CPU
		{14094C83-0BB3-4FC1-9C4D-2BABD8702EC9}.Release|Any CPU.Build.0 = Release|Any CPU
		{14094C83-0BB3-4FC1-9C4D-2BABD8702EC9}.Release|x86.ActiveCfg = Release|Any CPU
		{14094C83-0BB3-4FC1-9C4D-2BABD8702EC9}.Release|x86.Build.0 = Release|Any CPU
		{75C8D888-EB42-401E-9CD4-6303FBE4194C}.Debug|Any CPU.ActiveCfg = Debug|Any CPU
		{75C8D888-EB42-401E-9CD4-6303FBE4194C}.Debug|Any CPU.Build.0 = Debug|Any CPU
		{75C8D888-EB42-401E-9CD4-6303FBE4194C}.Debug|x86.ActiveCfg = Debug|Any CPU
		{75C8D888-EB42-401E-9CD4-6303FBE4194C}.Debug|x86.Build.0 = Debug|Any CPU
		{75C8D888-EB42-401E-9CD4-6303FBE4194C}.Release|Any CPU.ActiveCfg = Release|Any CPU
		{75C8D888-EB42-401E-9CD4-6303FBE4194C}.Release|Any CPU.Build.0 = Release|Any CPU
		{75C8D888-EB42-401E-9CD4-6303FBE4194C}.Release|x86.ActiveCfg = Release|Any CPU
		{75C8D888-EB42-401E-9CD4-6303FBE4194C}.Release|x86.Build.0 = Release|Any CPU
		{4A6A17F7-845C-4120-8A13-D7FADE67722D}.Debug|Any CPU.ActiveCfg = Debug|Any CPU
		{4A6A17F7-845C-4120-8A13-D7FADE67722D}.Debug|Any CPU.Build.0 = Debug|Any CPU
		{4A6A17F7-845C-4120-8A13-D7FADE67722D}.Debug|x86.ActiveCfg = Debug|Any CPU
		{4A6A17F7-845C-4120-8A13-D7FADE67722D}.Debug|x86.Build.0 = Debug|Any CPU
		{4A6A17F7-845C-4120-8A13-D7FADE67722D}.Release|Any CPU.ActiveCfg = Release|Any CPU
		{4A6A17F7-845C-4120-8A13-D7FADE67722D}.Release|Any CPU.Build.0 = Release|Any CPU
		{4A6A17F7-845C-4120-8A13-D7FADE67722D}.Release|x86.ActiveCfg = Release|Any CPU
		{4A6A17F7-845C-4120-8A13-D7FADE67722D}.Release|x86.Build.0 = Release|Any CPU
	EndGlobalSection
	GlobalSection(SolutionProperties) = preSolution
		HideSolutionNode = FALSE
	EndGlobalSection
	GlobalSection(NestedProjects) = preSolution
		{D68133BD-1E63-496E-9EDE-4FBDBF77B486} = {EAE3F1A6-069F-4FE1-B296-9CAF30B21D5D}
		{8559DD7F-A16F-46D0-A05A-9139FAEBA8FD} = {EAE3F1A6-069F-4FE1-B296-9CAF30B21D5D}
		{63E6915C-7EA4-4D76-AB28-0D7191EEA626} = {EAE3F1A6-069F-4FE1-B296-9CAF30B21D5D}
		{ED1BE103-1699-4116-A732-616BEB142EB2} = {BA3E9C54-C13F-491A-BB0A-56BA256C0000}
		{246289A4-53FD-4BB3-923A-08B1D3D905AA} = {BA3E9C54-C13F-491A-BB0A-56BA256C0000}
		{E6B1469D-911C-4AFC-A0F8-1ED00886910B} = {8542719A-6735-4D4C-BCB6-E1DADD1500CA}
		{F7BBB403-7142-4F8D-8E65-5ABA94502D3D} = {8542719A-6735-4D4C-BCB6-E1DADD1500CA}
		{CED63F54-9464-4CC0-9F3F-D42014C85AC6} = {8542719A-6735-4D4C-BCB6-E1DADD1500CA}
		{D5409B23-4A84-4999-AA11-898F46F30954} = {BA3E9C54-C13F-491A-BB0A-56BA256C0000}
		{25402FC2-9163-41A8-B9F4-0F8E4F44AB27} = {BA3E9C54-C13F-491A-BB0A-56BA256C0000}
		{14094C83-0BB3-4FC1-9C4D-2BABD8702EC9} = {EAE3F1A6-069F-4FE1-B296-9CAF30B21D5D}
		{4D460B44-5552-4FB6-AC35-725E4D1BD9F8} = {EAE3F1A6-069F-4FE1-B296-9CAF30B21D5D}
		{75C8D888-EB42-401E-9CD4-6303FBE4194C} = {EAE3F1A6-069F-4FE1-B296-9CAF30B21D5D}
		{345F3323-AD79-4C98-AED6-CC04554B788F} = {EAE3F1A6-069F-4FE1-B296-9CAF30B21D5D}
		{4A6A17F7-845C-4120-8A13-D7FADE67722D} = {EAE3F1A6-069F-4FE1-B296-9CAF30B21D5D}
		{4F6E327D-4D0A-485C-9EDA-67C52D593AA2} = {EAE3F1A6-069F-4FE1-B296-9CAF30B21D5D}
	EndGlobalSection
	GlobalSection(ExtensibilityGlobals) = postSolution
		SolutionGuid = {C89FC548-875F-4A22-9AD6-683E562B396A}
	EndGlobalSection
EndGlobal
