Microsoft Visual Studio Solution File, Format Version 11.00
# Visual Studio 2010
Project("{FAE04EC0-301F-11D3-BF4B-00C04F79EFBC}") = "AsyncTestCollectionNet6VS2022", "AsyncTestCollectionNet6VS2022.csproj", "{04029C0B-83EE-46F3-8624-265842E1A63E}"
EndProject
Global
	GlobalSection(SolutionConfigurationPlatforms) = preSolution
		Debug|Any CPU = Debug|Any CPU
		Release|Any CPU = Release|Any CPU
	EndGlobalSection
	GlobalSection(ProjectConfigurationPlatforms) = postSolution
		{04029C0B-83EE-46F3-8624-265842E1A63E}.Debug|Any CPU.ActiveCfg = Debug|Any CPU
		{04029C0B-83EE-46F3-8624-265842E1A63E}.Debug|Any CPU.Build.0 = Debug|Any CPU
		{04029C0B-83EE-46F3-8624-265842E1A63E}.Release|Any CPU.ActiveCfg = Release|Any CPU
		{04029C0B-83EE-46F3-8624-265842E1A63E}.Release|Any CPU.Build.0 = Release|Any CPU
	EndGlobalSection
	GlobalSection(SolutionProperties) = preSolution
		HideSolutionNode = FALSE
	EndGlobalSection
EndGlobal
