Microsoft Visual Studio Solution File, Format Version 11.00
# Visual Studio 2010
Project("{FAE04EC0-301F-11D3-BF4B-00C04F79EFBC}") = "JustDecompiler.NetStandard", "JustDecompiler.NetStandard.csproj", "{1CE57090-6EBC-4D36-9AF7-770B64793DA3}"
EndProject
Global
	GlobalSection(SolutionConfigurationPlatforms) = preSolution
		Debug|Any CPU = Debug|Any CPU
		Release|Any CPU = Release|Any CPU
	EndGlobalSection
	GlobalSection(ProjectConfigurationPlatforms) = postSolution
		{1CE57090-6EBC-4D36-9AF7-770B64793DA3}.Debug|Any CPU.ActiveCfg = Debug|Any CPU
		{1CE57090-6EBC-4D36-9AF7-770B64793DA3}.Debug|Any CPU.Build.0 = Debug|Any CPU
		{1CE57090-6EBC-4D36-9AF7-770B64793DA3}.Release|Any CPU.ActiveCfg = Release|Any CPU
		{1CE57090-6EBC-4D36-9AF7-770B64793DA3}.Release|Any CPU.Build.0 = Release|Any CPU
	EndGlobalSection
	GlobalSection(SolutionProperties) = preSolution
		HideSolutionNode = FALSE
	EndGlobalSection
EndGlobal
