Microsoft Visual Studio Solution File, Format Version 11.00
# Visual Studio 2010
Project("{FAE04EC0-301F-11D3-BF4B-00C04F79EFBC}") = "Mix.Cms.Lib", "Mix.Cms.Lib.csproj", "{21E0C506-1786-4355-AEDB-4581F6C731EE}"
EndProject
Global
	GlobalSection(SolutionConfigurationPlatforms) = preSolution
		Debug|Any CPU = Debug|Any CPU
		Release|Any CPU = Release|Any CPU
	EndGlobalSection
	GlobalSection(ProjectConfigurationPlatforms) = postSolution
		{21E0C506-1786-4355-AEDB-4581F6C731EE}.Debug|Any CPU.ActiveCfg = Debug|Any CPU
		{21E0C506-1786-4355-AEDB-4581F6C731EE}.Debug|Any CPU.Build.0 = Debug|Any CPU
		{21E0C506-1786-4355-AEDB-4581F6C731EE}.Release|Any CPU.ActiveCfg = Release|Any CPU
		{21E0C506-1786-4355-AEDB-4581F6C731EE}.Release|Any CPU.Build.0 = Release|Any CPU
	EndGlobalSection
	GlobalSection(SolutionProperties) = preSolution
		HideSolutionNode = FALSE
	EndGlobalSection
EndGlobal
