Microsoft Visual Studio Solution File, Format Version 11.00
# Visual Studio 2010
Project("{FAE04EC0-301F-11D3-BF4B-00C04F79EFBC}") = "Piranha", "Piranha.csproj", "{C9ABA66A-26A0-4CC4-B34F-F308FEC9A6DD}"
EndProject
Global
	GlobalSection(SolutionConfigurationPlatforms) = preSolution
		Debug|Any CPU = Debug|Any CPU
		Release|Any CPU = Release|Any CPU
	EndGlobalSection
	GlobalSection(ProjectConfigurationPlatforms) = postSolution
		{C9ABA66A-26A0-4CC4-B34F-F308FEC9A6DD}.Debug|Any CPU.ActiveCfg = Debug|Any CPU
		{C9ABA66A-26A0-4CC4-B34F-F308FEC9A6DD}.Debug|Any CPU.Build.0 = Debug|Any CPU
		{C9ABA66A-26A0-4CC4-B34F-F308FEC9A6DD}.Release|Any CPU.ActiveCfg = Release|Any CPU
		{C9ABA66A-26A0-4CC4-B34F-F308FEC9A6DD}.Release|Any CPU.Build.0 = Release|Any CPU
	EndGlobalSection
	GlobalSection(SolutionProperties) = preSolution
		HideSolutionNode = FALSE
	EndGlobalSection
EndGlobal
