Microsoft Visual Studio Solution File, Format Version 11.00
# Visual Studio 2010
Project("{FAE04EC0-301F-11D3-BF4B-00C04F79EFBC}") = "OrchardCore", "OrchardCore.csproj", "{346EEE86-BF8B-4C7C-AD50-0E255EC10EE8}"
EndProject
Global
	GlobalSection(SolutionConfigurationPlatforms) = preSolution
		Debug|Any CPU = Debug|Any CPU
		Release|Any CPU = Release|Any CPU
	EndGlobalSection
	GlobalSection(ProjectConfigurationPlatforms) = postSolution
		{346EEE86-BF8B-4C7C-AD50-0E255EC10EE8}.Debug|Any CPU.ActiveCfg = Debug|Any CPU
		{346EEE86-BF8B-4C7C-AD50-0E255EC10EE8}.Debug|Any CPU.Build.0 = Debug|Any CPU
		{346EEE86-BF8B-4C7C-AD50-0E255EC10EE8}.Release|Any CPU.ActiveCfg = Release|Any CPU
		{346EEE86-BF8B-4C7C-AD50-0E255EC10EE8}.Release|Any CPU.Build.0 = Release|Any CPU
	EndGlobalSection
	GlobalSection(SolutionProperties) = preSolution
		HideSolutionNode = FALSE
	EndGlobalSection
EndGlobal
